
Microsoft Visual Studio Solution File, Format Version 12.00
# Visual Studio Version 17
VisualStudioVersion = 17.9.34607.119
MinimumVisualStudioVersion = 10.0.40219.1
Project("{FAE04EC0-301F-11D3-BF4B-00C04F79EFBC}") = "WindowsFormsApp6", "WindowsFormsApp6\WindowsFormsApp6.csproj", "{9723A1CC-971F-4C72-A097-18CE41853774}"
EndProject
Global
	GlobalSection(SolutionConfigurationPlatforms) = preSolution
		Debug|Any CPU = Debug|Any CPU
		Release|Any CPU = Release|Any CPU
	EndGlobalSection
	GlobalSection(ProjectConfigurationPlatforms) = postSolution
		{9723A1CC-971F-4C72-A097-18CE41853774}.Debug|Any CPU.ActiveCfg = Debug|Any CPU
		{9723A1CC-971F-4C72-A097-18CE41853774}.Debug|Any CPU.Build.0 = Debug|Any CPU
		{9723A1CC-971F-4C72-A097-18CE41853774}.Release|Any CPU.ActiveCfg = Release|Any CPU
		{9723A1CC-971F-4C72-A097-18CE41853774}.Release|Any CPU.Build.0 = Release|Any CPU
	EndGlobalSection
	GlobalSection(SolutionProperties) = preSolution
		HideSolutionNode = FALSE
	EndGlobalSection
	GlobalSection(ExtensibilityGlobals) = postSolution
		SolutionGuid = {CAEEFCFB-68EC-4606-BCC3-0ED0214547B1}
	EndGlobalSection
EndGlobal
